
Microsoft Visual Studio Solution File, Format Version 12.00
# Visual Studio Version 17
VisualStudioVersion = 17.9.34701.34
MinimumVisualStudioVersion = 10.0.40219.1
Project("{2150E333-8FDC-42A3-9474-1A3956D46DE8}") = "Frontends", "Frontends", "{4764E12D-526E-45C2-B8C5-BE73D2C7EF26}"
EndProject
Project("{2150E333-8FDC-42A3-9474-1A3956D46DE8}") = "IdentityServer", "IdentityServer", "{07960BDA-C3F7-479F-9FDB-8962537FFB47}"
EndProject
Project("{2150E333-8FDC-42A3-9474-1A3956D46DE8}") = "Services", "Services", "{74E799E8-021F-4BA8-AA59-F3146EEE2506}"
EndProject
Project("{2150E333-8FDC-42A3-9474-1A3956D46DE8}") = "Requirements", "Requirements", "{57C4FE69-5D75-43DB-B464-4808279CDE17}"
EndProject
Project("{2150E333-8FDC-42A3-9474-1A3956D46DE8}") = "Catalog", "Catalog", "{5BCAC46E-B205-4FDF-84F5-223329B56ED7}"
EndProject
Project("{9A19103F-16F7-4668-BE54-9A1E7A4F7556}") = "TakeAwayNight.Catalog", "Services\Catalog\TakeAwayNight.Catalog\TakeAwayNight.Catalog.csproj", "{52FCB2DD-8FEE-4600-A6C2-A83A06B331FD}"
EndProject
Project("{2150E333-8FDC-42A3-9474-1A3956D46DE8}") = "Discount", "Discount", "{266020CE-16BC-47CA-BC9B-249706309CE3}"
EndProject
Project("{9A19103F-16F7-4668-BE54-9A1E7A4F7556}") = "TakeAwayNight.Discount", "Services\Discount\TakeAwayNight.Discount\TakeAwayNight.Discount.csproj", "{33DC1216-7843-47EA-AAB5-D9791376D3D5}"
EndProject
Project("{2150E333-8FDC-42A3-9474-1A3956D46DE8}") = "Order", "Order", "{8C6327D1-BBCD-4FA9-AFD2-83DD2A80D7C2}"
EndProject
Project("{2150E333-8FDC-42A3-9474-1A3956D46DE8}") = "Core", "Core", "{49CE9F7F-C8D0-41C3-95EC-2A4461A8A64A}"
EndProject
Project("{2150E333-8FDC-42A3-9474-1A3956D46DE8}") = "Infrastructure", "Infrastructure", "{C64029BD-E674-474E-B9D7-E56981A4D7D9}"
EndProject
Project("{2150E333-8FDC-42A3-9474-1A3956D46DE8}") = "Presentation", "Presentation", "{7D639CA5-3BB8-47FA-ABD0-4327406B3024}"
EndProject
Project("{9A19103F-16F7-4668-BE54-9A1E7A4F7556}") = "TakeAwayNight.Application", "Services\Order\Core\TakeAwayNight.Application\TakeAwayNight.Application.csproj", "{A798544F-3E5C-4D75-A0E3-8FFA57A7F089}"
EndProject
Project("{9A19103F-16F7-4668-BE54-9A1E7A4F7556}") = "TakeAwayNight.Domain", "Services\Order\Core\TakeAwayNight.Domain\TakeAwayNight.Domain.csproj", "{AE65E7F4-1C78-429D-AC76-185EA235CE21}"
EndProject
Project("{9A19103F-16F7-4668-BE54-9A1E7A4F7556}") = "TakeAwayNight.Persistence", "Services\Order\Infrastructure\TakeAwayNight.Persistence\TakeAwayNight.Persistence.csproj", "{CC1F0DC8-001D-4E36-AB6D-15F6750C9AF5}"
EndProject
Project("{9A19103F-16F7-4668-BE54-9A1E7A4F7556}") = "TakeAwayNight.OrderApi", "Services\Order\Presentation\TakeAwayNight.OrderApi\TakeAwayNight.OrderApi.csproj", "{713B796D-8CBA-4170-AF08-FE6B80725E8B}"
EndProject
Project("{9A19103F-16F7-4668-BE54-9A1E7A4F7556}") = "TakeAwayNight.IdentityServer", "IdentityServer\TakeAwayNight.IdentityServer\TakeAwayNight.IdentityServer.csproj", "{B3C49F81-FFA7-48E9-A314-4BF0EE42CE7E}"
EndProject
Global
	GlobalSection(SolutionConfigurationPlatforms) = preSolution
		Debug|Any CPU = Debug|Any CPU
		Release|Any CPU = Release|Any CPU
	EndGlobalSection
	GlobalSection(ProjectConfigurationPlatforms) = postSolution
		{52FCB2DD-8FEE-4600-A6C2-A83A06B331FD}.Debug|Any CPU.ActiveCfg = Debug|Any CPU
		{52FCB2DD-8FEE-4600-A6C2-A83A06B331FD}.Debug|Any CPU.Build.0 = Debug|Any CPU
		{52FCB2DD-8FEE-4600-A6C2-A83A06B331FD}.Release|Any CPU.ActiveCfg = Release|Any CPU
		{52FCB2DD-8FEE-4600-A6C2-A83A06B331FD}.Release|Any CPU.Build.0 = Release|Any CPU
		{33DC1216-7843-47EA-AAB5-D9791376D3D5}.Debug|Any CPU.ActiveCfg = Debug|Any CPU
		{33DC1216-7843-47EA-AAB5-D9791376D3D5}.Debug|Any CPU.Build.0 = Debug|Any CPU
		{33DC1216-7843-47EA-AAB5-D9791376D3D5}.Release|Any CPU.ActiveCfg = Release|Any CPU
		{33DC1216-7843-47EA-AAB5-D9791376D3D5}.Release|Any CPU.Build.0 = Release|Any CPU
		{A798544F-3E5C-4D75-A0E3-8FFA57A7F089}.Debug|Any CPU.ActiveCfg = Debug|Any CPU
		{A798544F-3E5C-4D75-A0E3-8FFA57A7F089}.Debug|Any CPU.Build.0 = Debug|Any CPU
		{A798544F-3E5C-4D75-A0E3-8FFA57A7F089}.Release|Any CPU.ActiveCfg = Release|Any CPU
		{A798544F-3E5C-4D75-A0E3-8FFA57A7F089}.Release|Any CPU.Build.0 = Release|Any CPU
		{AE65E7F4-1C78-429D-AC76-185EA235CE21}.Debug|Any CPU.ActiveCfg = Debug|Any CPU
		{AE65E7F4-1C78-429D-AC76-185EA235CE21}.Debug|Any CPU.Build.0 = Debug|Any CPU
		{AE65E7F4-1C78-429D-AC76-185EA235CE21}.Release|Any CPU.ActiveCfg = Release|Any CPU
		{AE65E7F4-1C78-429D-AC76-185EA235CE21}.Release|Any CPU.Build.0 = Release|Any CPU
		{CC1F0DC8-001D-4E36-AB6D-15F6750C9AF5}.Debug|Any CPU.ActiveCfg = Debug|Any CPU
		{CC1F0DC8-001D-4E36-AB6D-15F6750C9AF5}.Debug|Any CPU.Build.0 = Debug|Any CPU
		{CC1F0DC8-001D-4E36-AB6D-15F6750C9AF5}.Release|Any CPU.ActiveCfg = Release|Any CPU
		{CC1F0DC8-001D-4E36-AB6D-15F6750C9AF5}.Release|Any CPU.Build.0 = Release|Any CPU
		{713B796D-8CBA-4170-AF08-FE6B80725E8B}.Debug|Any CPU.ActiveCfg = Debug|Any CPU
		{713B796D-8CBA-4170-AF08-FE6B80725E8B}.Debug|Any CPU.Build.0 = Debug|Any CPU
		{713B796D-8CBA-4170-AF08-FE6B80725E8B}.Release|Any CPU.ActiveCfg = Release|Any CPU
		{713B796D-8CBA-4170-AF08-FE6B80725E8B}.Release|Any CPU.Build.0 = Release|Any CPU
		{B3C49F81-FFA7-48E9-A314-4BF0EE42CE7E}.Debug|Any CPU.ActiveCfg = Debug|Any CPU
		{B3C49F81-FFA7-48E9-A314-4BF0EE42CE7E}.Debug|Any CPU.Build.0 = Debug|Any CPU
		{B3C49F81-FFA7-48E9-A314-4BF0EE42CE7E}.Release|Any CPU.ActiveCfg = Release|Any CPU
		{B3C49F81-FFA7-48E9-A314-4BF0EE42CE7E}.Release|Any CPU.Build.0 = Release|Any CPU
	EndGlobalSection
	GlobalSection(SolutionProperties) = preSolution
		HideSolutionNode = FALSE
	EndGlobalSection
	GlobalSection(NestedProjects) = preSolution
		{5BCAC46E-B205-4FDF-84F5-223329B56ED7} = {74E799E8-021F-4BA8-AA59-F3146EEE2506}
		{52FCB2DD-8FEE-4600-A6C2-A83A06B331FD} = {5BCAC46E-B205-4FDF-84F5-223329B56ED7}
		{266020CE-16BC-47CA-BC9B-249706309CE3} = {74E799E8-021F-4BA8-AA59-F3146EEE2506}
		{33DC1216-7843-47EA-AAB5-D9791376D3D5} = {266020CE-16BC-47CA-BC9B-249706309CE3}
		{8C6327D1-BBCD-4FA9-AFD2-83DD2A80D7C2} = {74E799E8-021F-4BA8-AA59-F3146EEE2506}
		{49CE9F7F-C8D0-41C3-95EC-2A4461A8A64A} = {8C6327D1-BBCD-4FA9-AFD2-83DD2A80D7C2}
		{C64029BD-E674-474E-B9D7-E56981A4D7D9} = {8C6327D1-BBCD-4FA9-AFD2-83DD2A80D7C2}
		{7D639CA5-3BB8-47FA-ABD0-4327406B3024} = {8C6327D1-BBCD-4FA9-AFD2-83DD2A80D7C2}
		{A798544F-3E5C-4D75-A0E3-8FFA57A7F089} = {49CE9F7F-C8D0-41C3-95EC-2A4461A8A64A}
		{AE65E7F4-1C78-429D-AC76-185EA235CE21} = {49CE9F7F-C8D0-41C3-95EC-2A4461A8A64A}
		{CC1F0DC8-001D-4E36-AB6D-15F6750C9AF5} = {C64029BD-E674-474E-B9D7-E56981A4D7D9}
		{713B796D-8CBA-4170-AF08-FE6B80725E8B} = {7D639CA5-3BB8-47FA-ABD0-4327406B3024}
		{B3C49F81-FFA7-48E9-A314-4BF0EE42CE7E} = {07960BDA-C3F7-479F-9FDB-8962537FFB47}
	EndGlobalSection
	GlobalSection(ExtensibilityGlobals) = postSolution
		SolutionGuid = {1C108AB8-B2C1-48BF-85B8-A45E4D16E244}
	EndGlobalSection
EndGlobal
